lockfileVersion: '9.0'

settings:
  autoInstallPeers: true
  excludeLinksFromLockfile: false

importers:

  .:
    dependencies:
      '@hono/node-server':
        specifier: ^1.11.4
        version: 1.11.4
      hono:
        specifier: ^4.4.10
        version: 4.4.10
    devDependencies:
      typescript:
        specifier: ^5.5.2
        version: 5.5.2

packages:

  '@hono/node-server@1.11.4':
    resolution: {integrity: sha512-8TOiiiAqcFC6f62P7M9p6adQREAlWdVi1awehAwgWW+3R65/rKzHnLARO/Hu/466z01VNViBoogqatqXJMyItA==}
    engines: {node: '>=18.14.1'}

  hono@4.4.10:
    resolution: {integrity: sha512-z6918u9rXRU5CCisMHd2uUVoQXcNyUrUMmYY7VH10v4HJG7+hqgMK/G8YNTd13C6s4rBfzF09iz8VpOip9qG3A==}
    engines: {node: '>=16.0.0'}

  typescript@5.5.2:
    resolution: {integrity: sha512-NcRtPEOsPFFWjobJEtfihkLCZCXZt/os3zf8nTxjVH3RvTSxjrCamJpbExGvYOF+tFHc3pA65qpdwPbzjohhew==}
    engines: {node: '>=14.17'}
    hasBin: true

snapshots:

  '@hono/node-server@1.11.4': {}

  hono@4.4.10: {}

  typescript@5.5.2: {}
