lockfileVersion: '9.0'

settings:
  autoInstallPeers: true
  excludeLinksFromLockfile: false

importers:

  .:
    devDependencies:
      '@biomejs/biome':
        specifier: 1.8.3
        version: 1.8.3
      '@types/node':
        specifier: ^20.11.17
        version: 20.14.9
      czg:
        specifier: ^1.9.3
        version: 1.9.3
      lefthook:
        specifier: ^1.6.18
        version: 1.6.18
      tsx:
        specifier: ^4.16.0
        version: 4.16.0
      turbo:
        specifier: ^2.0.6
        version: 2.0.6
      typescript:
        specifier: ^5.5.2
        version: 5.5.3

  apps/web:
    dependencies:
      '@hono/node-server':
        specifier: ^1.11.4
        version: 1.12.0
      '@repo/ui':
        specifier: workspace:*
        version: link:../../packages/ui
      hono:
        specifier: ^4.4.10
        version: 4.4.11
      oslo:
        specifier: ^1.2.1
        version: 1.2.1
    devDependencies:
      '@biomejs/biome':
        specifier: ^1.8.3
        version: 1.8.3
      '@repo/typescript-config':
        specifier: workspace:*
        version: link:../../packages/typescript-config
      dotenv:
        specifier: ^16.4.5
        version: 16.4.5
      typescript:
        specifier: ^5.5.2
        version: 5.5.3

  packages/typescript-config: {}

  packages/ui:
    dependencies:
      hono:
        specifier: ^4.4.10
        version: 4.4.11
    devDependencies:
      '@biomejs/biome':
        specifier: ^1.8.3
        version: 1.8.3
      '@repo/typescript-config':
        specifier: workspace:*
        version: link:../typescript-config

packages:

  '@biomejs/biome@1.8.3':
    resolution: {integrity: sha512-/uUV3MV+vyAczO+vKrPdOW0Iaet7UnJMU4bNMinggGJTAnBPjCoLEYcyYtYHNnUNYlv4xZMH6hVIQCAozq8d5w==}
    engines: {node: '>=14.21.3'}
    hasBin: true

  '@biomejs/cli-darwin-arm64@1.8.3':
    resolution: {integrity: sha512-9DYOjclFpKrH/m1Oz75SSExR8VKvNSSsLnVIqdnKexj6NwmiMlKk94Wa1kZEdv6MCOHGHgyyoV57Cw8WzL5n3A==}
    engines: {node: '>=14.21.3'}
    cpu: [arm64]
    os: [darwin]

  '@biomejs/cli-darwin-x64@1.8.3':
    resolution: {integrity: sha512-UeW44L/AtbmOF7KXLCoM+9PSgPo0IDcyEUfIoOXYeANaNXXf9mLUwV1GeF2OWjyic5zj6CnAJ9uzk2LT3v/wAw==}
    engines: {node: '>=14.21.3'}
    cpu: [x64]
    os: [darwin]

  '@biomejs/cli-linux-arm64-musl@1.8.3':
    resolution: {integrity: sha512-9yjUfOFN7wrYsXt/T/gEWfvVxKlnh3yBpnScw98IF+oOeCYb5/b/+K7YNqKROV2i1DlMjg9g/EcN9wvj+NkMuQ==}
    engines: {node: '>=14.21.3'}
    cpu: [arm64]
    os: [linux]

  '@biomejs/cli-linux-arm64@1.8.3':
    resolution: {integrity: sha512-fed2ji8s+I/m8upWpTJGanqiJ0rnlHOK3DdxsyVLZQ8ClY6qLuPc9uehCREBifRJLl/iJyQpHIRufLDeotsPtw==}
    engines: {node: '>=14.21.3'}
    cpu: [arm64]
    os: [linux]

  '@biomejs/cli-linux-x64-musl@1.8.3':
    resolution: {integrity: sha512-UHrGJX7PrKMKzPGoEsooKC9jXJMa28TUSMjcIlbDnIO4EAavCoVmNQaIuUSH0Ls2mpGMwUIf+aZJv657zfWWjA==}
    engines: {node: '>=14.21.3'}
    cpu: [x64]
    os: [linux]

  '@biomejs/cli-linux-x64@1.8.3':
    resolution: {integrity: sha512-I8G2QmuE1teISyT8ie1HXsjFRz9L1m5n83U1O6m30Kw+kPMPSKjag6QGUn+sXT8V+XWIZxFFBoTDEDZW2KPDDw==}
    engines: {node: '>=14.21.3'}
    cpu: [x64]
    os: [linux]

  '@biomejs/cli-win32-arm64@1.8.3':
    resolution: {integrity: sha512-J+Hu9WvrBevfy06eU1Na0lpc7uR9tibm9maHynLIoAjLZpQU3IW+OKHUtyL8p6/3pT2Ju5t5emReeIS2SAxhkQ==}
    engines: {node: '>=14.21.3'}
    cpu: [arm64]
    os: [win32]

  '@biomejs/cli-win32-x64@1.8.3':
    resolution: {integrity: sha512-/PJ59vA1pnQeKahemaQf4Nyj7IKUvGQSc3Ze1uIGi+Wvr1xF7rGobSrAAG01T/gUDG21vkDsZYM03NAmPiVkqg==}
    engines: {node: '>=14.21.3'}
    cpu: [x64]
    os: [win32]

  '@emnapi/core@0.45.0':
    resolution: {integrity: sha512-DPWjcUDQkCeEM4VnljEOEcXdAD7pp8zSZsgOujk/LGIwCXWbXJngin+MO4zbH429lzeC3WbYLGjE2MaUOwzpyw==}

  '@emnapi/runtime@0.45.0':
    resolution: {integrity: sha512-Txumi3td7J4A/xTTwlssKieHKTGl3j4A1tglBx72auZ49YK7ePY6XZricgIg9mnZT4xPfA+UPCUdnhRuEFDL+w==}

  '@esbuild/aix-ppc64@0.21.5':
    resolution: {integrity: sha512-1SDgH6ZSPTlggy1yI6+Dbkiz8xzpHJEVAlF/AM1tHPLsf5STom9rwtjE4hKAF20FfXXNTFqEYXyJNWh1GiZedQ==}
    engines: {node: '>=12'}
    cpu: [ppc64]
    os: [aix]

  '@esbuild/android-arm64@0.21.5':
    resolution: {integrity: sha512-c0uX9VAUBQ7dTDCjq+wdyGLowMdtR/GoC2U5IYk/7D1H1JYC0qseD7+11iMP2mRLN9RcCMRcjC4YMclCzGwS/A==}
    engines: {node: '>=12'}
    cpu: [arm64]
    os: [android]

  '@esbuild/android-arm@0.21.5':
    resolution: {integrity: sha512-vCPvzSjpPHEi1siZdlvAlsPxXl7WbOVUBBAowWug4rJHb68Ox8KualB+1ocNvT5fjv6wpkX6o/iEpbDrf68zcg==}
    engines: {node: '>=12'}
    cpu: [arm]
    os: [android]

  '@esbuild/android-x64@0.21.5':
    resolution: {integrity: sha512-D7aPRUUNHRBwHxzxRvp856rjUHRFW1SdQATKXH2hqA0kAZb1hKmi02OpYRacl0TxIGz/ZmXWlbZgjwWYaCakTA==}
    engines: {node: '>=12'}
    cpu: [x64]
    os: [android]

  '@esbuild/darwin-arm64@0.21.5':
    resolution: {integrity: sha512-DwqXqZyuk5AiWWf3UfLiRDJ5EDd49zg6O9wclZ7kUMv2WRFr4HKjXp/5t8JZ11QbQfUS6/cRCKGwYhtNAY88kQ==}
    engines: {node: '>=12'}
    cpu: [arm64]
    os: [darwin]

  '@esbuild/darwin-x64@0.21.5':
    resolution: {integrity: sha512-se/JjF8NlmKVG4kNIuyWMV/22ZaerB+qaSi5MdrXtd6R08kvs2qCN4C09miupktDitvh8jRFflwGFBQcxZRjbw==}
    engines: {node: '>=12'}
    cpu: [x64]
    os: [darwin]

  '@esbuild/freebsd-arm64@0.21.5':
    resolution: {integrity: sha512-5JcRxxRDUJLX8JXp/wcBCy3pENnCgBR9bN6JsY4OmhfUtIHe3ZW0mawA7+RDAcMLrMIZaf03NlQiX9DGyB8h4g==}
    engines: {node: '>=12'}
    cpu: [arm64]
    os: [freebsd]

  '@esbuild/freebsd-x64@0.21.5':
    resolution: {integrity: sha512-J95kNBj1zkbMXtHVH29bBriQygMXqoVQOQYA+ISs0/2l3T9/kj42ow2mpqerRBxDJnmkUDCaQT/dfNXWX/ZZCQ==}
    engines: {node: '>=12'}
    cpu: [x64]
    os: [freebsd]

  '@esbuild/linux-arm64@0.21.5':
    resolution: {integrity: sha512-ibKvmyYzKsBeX8d8I7MH/TMfWDXBF3db4qM6sy+7re0YXya+K1cem3on9XgdT2EQGMu4hQyZhan7TeQ8XkGp4Q==}
    engines: {node: '>=12'}
    cpu: [arm64]
    os: [linux]

  '@esbuild/linux-arm@0.21.5':
    resolution: {integrity: sha512-bPb5AHZtbeNGjCKVZ9UGqGwo8EUu4cLq68E95A53KlxAPRmUyYv2D6F0uUI65XisGOL1hBP5mTronbgo+0bFcA==}
    engines: {node: '>=12'}
    cpu: [arm]
    os: [linux]

  '@esbuild/linux-ia32@0.21.5':
    resolution: {integrity: sha512-YvjXDqLRqPDl2dvRODYmmhz4rPeVKYvppfGYKSNGdyZkA01046pLWyRKKI3ax8fbJoK5QbxblURkwK/MWY18Tg==}
    engines: {node: '>=12'}
    cpu: [ia32]
    os: [linux]

  '@esbuild/linux-loong64@0.21.5':
    resolution: {integrity: sha512-uHf1BmMG8qEvzdrzAqg2SIG/02+4/DHB6a9Kbya0XDvwDEKCoC8ZRWI5JJvNdUjtciBGFQ5PuBlpEOXQj+JQSg==}
    engines: {node: '>=12'}
    cpu: [loong64]
    os: [linux]

  '@esbuild/linux-mips64el@0.21.5':
    resolution: {integrity: sha512-IajOmO+KJK23bj52dFSNCMsz1QP1DqM6cwLUv3W1QwyxkyIWecfafnI555fvSGqEKwjMXVLokcV5ygHW5b3Jbg==}
    engines: {node: '>=12'}
    cpu: [mips64el]
    os: [linux]

  '@esbuild/linux-ppc64@0.21.5':
    resolution: {integrity: sha512-1hHV/Z4OEfMwpLO8rp7CvlhBDnjsC3CttJXIhBi+5Aj5r+MBvy4egg7wCbe//hSsT+RvDAG7s81tAvpL2XAE4w==}
    engines: {node: '>=12'}
    cpu: [ppc64]
    os: [linux]

  '@esbuild/linux-riscv64@0.21.5':
    resolution: {integrity: sha512-2HdXDMd9GMgTGrPWnJzP2ALSokE/0O5HhTUvWIbD3YdjME8JwvSCnNGBnTThKGEB91OZhzrJ4qIIxk/SBmyDDA==}
    engines: {node: '>=12'}
    cpu: [riscv64]
    os: [linux]

  '@esbuild/linux-s390x@0.21.5':
    resolution: {integrity: sha512-zus5sxzqBJD3eXxwvjN1yQkRepANgxE9lgOW2qLnmr8ikMTphkjgXu1HR01K4FJg8h1kEEDAqDcZQtbrRnB41A==}
    engines: {node: '>=12'}
    cpu: [s390x]
    os: [linux]

  '@esbuild/linux-x64@0.21.5':
    resolution: {integrity: sha512-1rYdTpyv03iycF1+BhzrzQJCdOuAOtaqHTWJZCWvijKD2N5Xu0TtVC8/+1faWqcP9iBCWOmjmhoH94dH82BxPQ==}
    engines: {node: '>=12'}
    cpu: [x64]
    os: [linux]

  '@esbuild/netbsd-x64@0.21.5':
    resolution: {integrity: sha512-Woi2MXzXjMULccIwMnLciyZH4nCIMpWQAs049KEeMvOcNADVxo0UBIQPfSmxB3CWKedngg7sWZdLvLczpe0tLg==}
    engines: {node: '>=12'}
    cpu: [x64]
    os: [netbsd]

  '@esbuild/openbsd-x64@0.21.5':
    resolution: {integrity: sha512-HLNNw99xsvx12lFBUwoT8EVCsSvRNDVxNpjZ7bPn947b8gJPzeHWyNVhFsaerc0n3TsbOINvRP2byTZ5LKezow==}
    engines: {node: '>=12'}
    cpu: [x64]
    os: [openbsd]

  '@esbuild/sunos-x64@0.21.5':
    resolution: {integrity: sha512-6+gjmFpfy0BHU5Tpptkuh8+uw3mnrvgs+dSPQXQOv3ekbordwnzTVEb4qnIvQcYXq6gzkyTnoZ9dZG+D4garKg==}
    engines: {node: '>=12'}
    cpu: [x64]
    os: [sunos]

  '@esbuild/win32-arm64@0.21.5':
    resolution: {integrity: sha512-Z0gOTd75VvXqyq7nsl93zwahcTROgqvuAcYDUr+vOv8uHhNSKROyU961kgtCD1e95IqPKSQKH7tBTslnS3tA8A==}
    engines: {node: '>=12'}
    cpu: [arm64]
    os: [win32]

  '@esbuild/win32-ia32@0.21.5':
    resolution: {integrity: sha512-SWXFF1CL2RVNMaVs+BBClwtfZSvDgtL//G/smwAc5oVK/UPu2Gu9tIaRgFmYFFKrmg3SyAjSrElf0TiJ1v8fYA==}
    engines: {node: '>=12'}
    cpu: [ia32]
    os: [win32]

  '@esbuild/win32-x64@0.21.5':
    resolution: {integrity: sha512-tQd/1efJuzPC6rCFwEvLtci/xNFcTZknmXs98FYDfGE4wP9ClFV98nyKrzJKVPMhdDnjzLhdUyMX4PsQAPjwIw==}
    engines: {node: '>=12'}
    cpu: [x64]
    os: [win32]

  '@hono/node-server@1.12.0':
    resolution: {integrity: sha512-e6oHjNiErRxsZRZBmc2KucuvY3btlO/XPncIpP2X75bRdTilF9GLjm3NHvKKunpJbbJJj31/FoPTksTf8djAVw==}
    engines: {node: '>=18.14.1'}

  '@node-rs/argon2-android-arm-eabi@1.7.0':
    resolution: {integrity: sha512-udDqkr5P9E+wYX1SZwAVPdyfYvaF4ry9Tm+R9LkfSHbzWH0uhU6zjIwNRp7m+n4gx691rk+lqqDAIP8RLKwbhg==}
    engines: {node: '>= 10'}
    cpu: [arm]
    os: [android]

  '@node-rs/argon2-android-arm64@1.7.0':
    resolution: {integrity: sha512-s9j/G30xKUx8WU50WIhF0fIl1EdhBGq0RQ06lEhZ0Gi0ap8lhqbE2Bn5h3/G2D1k0Dx+yjeVVNmt/xOQIRG38A==}
    engines: {node: '>= 10'}
    cpu: [arm64]
    os: [android]

  '@node-rs/argon2-darwin-arm64@1.7.0':
    resolution: {integrity: sha512-ZIz4L6HGOB9U1kW23g+m7anGNuTZ0RuTw0vNp3o+2DWpb8u8rODq6A8tH4JRL79S+Co/Nq608m9uackN2pe0Rw==}
    engines: {node: '>= 10'}
    cpu: [arm64]
    os: [darwin]

  '@node-rs/argon2-darwin-x64@1.7.0':
    resolution: {integrity: sha512-5oi/pxqVhODW/pj1+3zElMTn/YukQeywPHHYDbcAW3KsojFjKySfhcJMd1DjKTc+CHQI+4lOxZzSUzK7mI14Hw==}
    engines: {node: '>= 10'}
    cpu: [x64]
    os: [darwin]

  '@node-rs/argon2-freebsd-x64@1.7.0':
    resolution: {integrity: sha512-Ify08683hA4QVXYoIm5SUWOY5DPIT/CMB0CQT+IdxQAg/F+qp342+lUkeAtD5bvStQuCx/dFO3bnnzoe2clMhA==}
    engines: {node: '>= 10'}
    cpu: [x64]
    os: [freebsd]

  '@node-rs/argon2-linux-arm-gnueabihf@1.7.0':
    resolution: {integrity: sha512-7DjDZ1h5AUHAtRNjD19RnQatbhL+uuxBASuuXIBu4/w6Dx8n7YPxwTP4MXfsvuRgKuMWiOb/Ub/HJ3kXVCXRkg==}
    engines: {node: '>= 10'}
    cpu: [arm]
    os: [linux]

  '@node-rs/argon2-linux-arm64-gnu@1.7.0':
    resolution: {integrity: sha512-nJDoMP4Y3YcqGswE4DvP080w6O24RmnFEDnL0emdI8Nou17kNYBzP2546Nasx9GCyLzRcYQwZOUjrtUuQ+od2g==}
    engines: {node: '>= 10'}
    cpu: [arm64]
    os: [linux]

  '@node-rs/argon2-linux-arm64-musl@1.7.0':
    resolution: {integrity: sha512-BKWS8iVconhE3jrb9mj6t1J9vwUqQPpzCbUKxfTGJfc+kNL58F1SXHBoe2cDYGnHrFEHTY0YochzXoAfm4Dm/A==}
    engines: {node: '>= 10'}
    cpu: [arm64]
    os: [linux]

  '@node-rs/argon2-linux-x64-gnu@1.7.0':
    resolution: {integrity: sha512-EmgqZOlf4Jurk/szW1iTsVISx25bKksVC5uttJDUloTgsAgIGReCpUUO1R24pBhu9ESJa47iv8NSf3yAfGv6jQ==}
    engines: {node: '>= 10'}
    cpu: [x64]
    os: [linux]

  '@node-rs/argon2-linux-x64-musl@1.7.0':
    resolution: {integrity: sha512-/o1efYCYIxjfuoRYyBTi2Iy+1iFfhqHCvvVsnjNSgO1xWiWrX0Rrt/xXW5Zsl7vS2Y+yu8PL8KFWRzZhaVxfKA==}
    engines: {node: '>= 10'}
    cpu: [x64]
    os: [linux]

  '@node-rs/argon2-wasm32-wasi@1.7.0':
    resolution: {integrity: sha512-Evmk9VcxqnuwQftfAfYEr6YZYSPLzmKUsbFIMep5nTt9PT4XYRFAERj7wNYp+rOcBenF3X4xoB+LhwcOMTNE5w==}
    engines: {node: '>=14.0.0'}
    cpu: [wasm32]

  '@node-rs/argon2-win32-arm64-msvc@1.7.0':
    resolution: {integrity: sha512-qgsU7T004COWWpSA0tppDqDxbPLgg8FaU09krIJ7FBl71Sz8SFO40h7fDIjfbTT5w7u6mcaINMQ5bSHu75PCaA==}
    engines: {node: '>= 10'}
    cpu: [arm64]
    os: [win32]

  '@node-rs/argon2-win32-ia32-msvc@1.7.0':
    resolution: {integrity: sha512-JGafwWYQ/HpZ3XSwP4adQ6W41pRvhcdXvpzIWtKvX+17+xEXAe2nmGWM6s27pVkg1iV2ZtoYLRDkOUoGqZkCcg==}
    engines: {node: '>= 10'}
    cpu: [ia32]
    os: [win32]

  '@node-rs/argon2-win32-x64-msvc@1.7.0':
    resolution: {integrity: sha512-9oq4ShyFakw8AG3mRls0AoCpxBFcimYx7+jvXeAf2OqKNO+mSA6eZ9z7KQeVCi0+SOEUYxMGf5UiGiDb9R6+9Q==}
    engines: {node: '>= 10'}
    cpu: [x64]
    os: [win32]

  '@node-rs/argon2@1.7.0':
    resolution: {integrity: sha512-zfULc+/tmcWcxn+nHkbyY8vP3+MpEqKORbszt4UkpqZgBgDAAIYvuDN/zukfTgdmo6tmJKKVfzigZOPk4LlIog==}
    engines: {node: '>= 10'}

  '@node-rs/bcrypt-android-arm-eabi@1.9.0':
    resolution: {integrity: sha512-nOCFISGtnodGHNiLrG0WYLWr81qQzZKYfmwHc7muUeq+KY0sQXyHOwZk9OuNQAWv/lnntmtbwkwT0QNEmOyLvA==}
    engines: {node: '>= 10'}
    cpu: [arm]
    os: [android]

  '@node-rs/bcrypt-android-arm64@1.9.0':
    resolution: {integrity: sha512-+ZrIAtigVmjYkqZQTThHVlz0+TG6D+GDHWhVKvR2DifjtqJ0i+mb9gjo++hN+fWEQdWNGxKCiBBjwgT4EcXd6A==}
    engines: {node: '>= 10'}
    cpu: [arm64]
    os: [android]

  '@node-rs/bcrypt-darwin-arm64@1.9.0':
    resolution: {integrity: sha512-CQiS+F9Pa0XozvkXR1g7uXE9QvBOPOplDg0iCCPRYTN9PqA5qYxhwe48G3o+v2UeQceNRrbnEtWuANm7JRqIhw==}
    engines: {node: '>= 10'}
    cpu: [arm64]
    os: [darwin]

  '@node-rs/bcrypt-darwin-x64@1.9.0':
    resolution: {integrity: sha512-4pTKGawYd7sNEjdJ7R/R67uwQH1VvwPZ0SSUMmeNHbxD5QlwAPXdDH11q22uzVXsvNFZ6nGQBg8No5OUGpx6Ug==}
    engines: {node: '>= 10'}
    cpu: [x64]
    os: [darwin]

  '@node-rs/bcrypt-freebsd-x64@1.9.0':
    resolution: {integrity: sha512-UmWzySX4BJhT/B8xmTru6iFif3h0Rpx3TqxRLCcbgmH43r7k5/9QuhpiyzpvKGpKHJCFNm4F3rC2wghvw5FCIg==}
    engines: {node: '>= 10'}
    cpu: [x64]
    os: [freebsd]

  '@node-rs/bcrypt-linux-arm-gnueabihf@1.9.0':
    resolution: {integrity: sha512-8qoX4PgBND2cVwsbajoAWo3NwdfJPEXgpCsZQZURz42oMjbGyhhSYbovBCskGU3EBLoC8RA2B1jFWooeYVn5BA==}
    engines: {node: '>= 10'}
    cpu: [arm]
    os: [linux]

  '@node-rs/bcrypt-linux-arm64-gnu@1.9.0':
    resolution: {integrity: sha512-TuAC6kx0SbcIA4mSEWPi+OCcDjTQUMl213v5gMNlttF+D4ieIZx6pPDGTaMO6M2PDHTeCG0CBzZl0Lu+9b0c7Q==}
    engines: {node: '>= 10'}
    cpu: [arm64]
    os: [linux]

  '@node-rs/bcrypt-linux-arm64-musl@1.9.0':
    resolution: {integrity: sha512-/sIvKDABOI8QOEnLD7hIj02BVaNOuCIWBKvxcJOt8+TuwJ6zmY1UI5kSv9d99WbiHjTp97wtAUbZQwauU4b9ew==}
    engines: {node: '>= 10'}
    cpu: [arm64]
    os: [linux]

  '@node-rs/bcrypt-linux-x64-gnu@1.9.0':
    resolution: {integrity: sha512-DyyhDHDsLBsCKz1tZ1hLvUZSc1DK0FU0v52jK6IBQxrj24WscSU9zZe7ie/V9kdmA4Ep57BfpWX8Dsa2JxGdgQ==}
    engines: {node: '>= 10'}
    cpu: [x64]
    os: [linux]

  '@node-rs/bcrypt-linux-x64-musl@1.9.0':
    resolution: {integrity: sha512-duIiuqQ+Lew8ASSAYm6ZRqcmfBGWwsi81XLUwz86a2HR7Qv6V4yc3ZAUQovAikhjCsIqe8C11JlAZSK6+PlXYg==}
    engines: {node: '>= 10'}
    cpu: [x64]
    os: [linux]

  '@node-rs/bcrypt-wasm32-wasi@1.9.0':
    resolution: {integrity: sha512-ylaGmn9Wjwv/D5lxtawttx3H6Uu2WTTR7lWlRHGT6Ga/MB1Vj4OjSGUW8G8zIVnKuXpGbZ92pgHlt4HUpSLctw==}
    engines: {node: '>=14.0.0'}
    cpu: [wasm32]

  '@node-rs/bcrypt-win32-arm64-msvc@1.9.0':
    resolution: {integrity: sha512-2h86gF7QFyEzODuDFml/Dp1MSJoZjxJ4yyT2Erf4NkwsiA5MqowUhUsorRwZhX6+2CtlGa7orbwi13AKMsYndw==}
    engines: {node: '>= 10'}
    cpu: [arm64]
    os: [win32]

  '@node-rs/bcrypt-win32-ia32-msvc@1.9.0':
    resolution: {integrity: sha512-kqxalCvhs4FkN0+gWWfa4Bdy2NQAkfiqq/CEf6mNXC13RSV673Ev9V8sRlQyNpCHCNkeXfOT9pgoBdJmMs9muA==}
    engines: {node: '>= 10'}
    cpu: [ia32]
    os: [win32]

  '@node-rs/bcrypt-win32-x64-msvc@1.9.0':
    resolution: {integrity: sha512-2y0Tuo6ZAT2Cz8V7DHulSlv1Bip3zbzeXyeur+uR25IRNYXKvI/P99Zl85Fbuu/zzYAZRLLlGTRe6/9IHofe/w==}
    engines: {node: '>= 10'}
    cpu: [x64]
    os: [win32]

  '@node-rs/bcrypt@1.9.0':
    resolution: {integrity: sha512-u2OlIxW264bFUfvbFqDz9HZKFjwe8FHFtn7T/U8mYjPZ7DWYpbUB+/dkW/QgYfMSfR0ejkyuWaBBe0coW7/7ig==}
    engines: {node: '>= 10'}

  '@tybys/wasm-util@0.8.3':
    resolution: {integrity: sha512-Z96T/L6dUFFxgFJ+pQtkPpne9q7i6kIPYCFnQBHSgSPV9idTsKfIhCss0h5iM9irweZCatkrdeP8yi5uM1eX6Q==}

  '@types/node@20.14.9':
    resolution: {integrity: sha512-06OCtnTXtWOZBJlRApleWndH4JsRVs1pDCc8dLSQp+7PpUpX3ePdHyeNSFTeSe7FtKyQkrlPvHwJOW3SLd8Oyg==}

  czg@1.9.3:
    resolution: {integrity: sha512-2RDFcHpVrG0eWGPodkcDQ9QdaF8xVf54PMP0GdXyiz3sCKvxsHvQ/AEvz9TPndZONCajHgU7uN64MQdrHLDSYA==}
    engines: {node: '>=v12.20.0'}
    hasBin: true

  dotenv@16.4.5:
    resolution: {integrity: sha512-ZmdL2rui+eB2YwhsWzjInR8LldtZHGDoQ1ugH85ppHKwpUHL7j7rN0Ti9NCnGiQbhaZ11FpR+7ao1dNsmduNUg==}
    engines: {node: '>=12'}

  esbuild@0.21.5:
    resolution: {integrity: sha512-mg3OPMV4hXywwpoDxu3Qda5xCKQi+vCTZq8S9J/EpkhB2HzKXq4SNFZE3+NK93JYxc8VMSep+lOUSC/RVKaBqw==}
    engines: {node: '>=12'}
    hasBin: true

  fs-monkey@1.0.6:
    resolution: {integrity: sha512-b1FMfwetIKymC0eioW7mTywihSQE4oLzQn1dB6rZB5fx/3NpNEdAWeCSMB+60/AeT0TCXsxzAlcYVEFCTAksWg==}

  fsevents@2.3.3:
    resolution: {integrity: sha512-5xoDfX+fL7faATnagmWPpbFtwh/R77WmMMqqHGS65C3vvB0YHrgF+B1YmZ3441tMj5n63k0212XNoJwzlhffQw==}
    engines: {node: ^8.16.0 || ^10.6.0 || >=11.0.0}
    os: [darwin]

  get-tsconfig@4.7.5:
    resolution: {integrity: sha512-ZCuZCnlqNzjb4QprAzXKdpp/gh6KTxSJuw3IBsPnV/7fV4NxC9ckB+vPTt8w7fJA0TaSD7c55BR47JD6MEDyDw==}

  hono@4.4.11:
    resolution: {integrity: sha512-R5RADpjoRsR3/VsnFovpsYNLPnC1f+FgdfsePk3qIgjb4D41Sg7uW5QCj41kzEOwXCjBg0sVvOZMvUNZ0DKB7g==}
    engines: {node: '>=16.0.0'}

  lefthook-darwin-arm64@1.6.18:
    resolution: {integrity: sha512-AkpsTeO7aLZIIy6CKQ7Chx8RltE8a9uItbwQWoeaCkIdzpV8TFjq7/Pw4F5CkoJ2315sHtB8k+VFkgipQMBw1w==}
    cpu: [arm64]
    os: [darwin]

  lefthook-darwin-x64@1.6.18:
    resolution: {integrity: sha512-qwKa+PaNIYjZ2PVrRRLq+HjNjQsjEItXN21byvSD89r7EYCULsIC8aW4H6aniOP2A6X1DIZ+djpg+3hNJ/94NA==}
    cpu: [x64]
    os: [darwin]

  lefthook-freebsd-arm64@1.6.18:
    resolution: {integrity: sha512-UIOzQ+okwB7Ah9p8sNqomOiU6cPfmJnyW3HDPutRsdoHRD8udIap9d+ja4Kg4m/PkoYtkcLO78omANqAgA5wxQ==}
    cpu: [arm64]
    os: [freebsd]

  lefthook-freebsd-x64@1.6.18:
    resolution: {integrity: sha512-UQANUgyNpaAh0+2/PjPFiJ7yd6aF15yyJxKZCXyna5cQF7VU8pSHu5tiDDquNpjToXOg+6TmiIAJKyfrrwTF3w==}
    cpu: [x64]
    os: [freebsd]

  lefthook-linux-arm64@1.6.18:
    resolution: {integrity: sha512-4erletIa2HKUgY17/1ROvndAj6xn/9wkqO2GhBT3C0vFwIv6ycy5wpFzXOwKRZpFYv7UacN7iXhAZSK+vSOZZg==}
    cpu: [arm64]
    os: [linux]

  lefthook-linux-x64@1.6.18:
    resolution: {integrity: sha512-l5SRqYMYygw9RjZncEg8uh29wShYN8kiYr53sp74DkntrlCttqWhLILBUlIr3fxH5s0ZyrmqUEjtMBryMk7b/g==}
    cpu: [x64]
    os: [linux]

  lefthook-windows-arm64@1.6.18:
    resolution: {integrity: sha512-jeNBRoya3+mOEsKyT4wXf29Kng1nkJD7Uv/dqGBszoGMktGVNUFdIjWoxx6HSfhUssucs5pKRZpXSMgK/KCP+Q==}
    cpu: [arm64]
    os: [win32]

  lefthook-windows-x64@1.6.18:
    resolution: {integrity: sha512-iEG8PbFOwMqlpAgCiqzANTxutERjwlwMx6WF6HDGEYwFJSCJsvi06TehDxaPIFbhmLLYYlbVrfSBlttWGoN0dg==}
    cpu: [x64]
    os: [win32]

  lefthook@1.6.18:
    resolution: {integrity: sha512-Ftr/NkU1P1EsEyphsCqCX7lesGZA+QDXyUx4dS1RlSKB72xKtGW9VPjbGLK2kSQkONG5M+XYfbJkGA/r9NLTYQ==}
    hasBin: true

  memfs-browser@3.5.10302:
    resolution: {integrity: sha512-JJTc/nh3ig05O0gBBGZjTCPOyydaTxNF0uHYBrcc1gHNnO+KIHIvo0Y1FKCJsaei6FCl8C6xfQomXqu+cuzkIw==}

  memfs@3.5.3:
    resolution: {integrity: sha512-UERzLsxzllchadvbPs5aolHh65ISpKpM+ccLbOJ8/vvpBKmAWf+la7dXFy7Mr0ySHbdHrFv5kGFCUHHe6GFEmw==}
    engines: {node: '>= 4.0.0'}

  oslo@1.2.1:
    resolution: {integrity: sha512-HfIhB5ruTdQv0XX2XlncWQiJ5SIHZ7NHZhVyHth0CSZ/xzge00etRyYy/3wp/Dsu+PkxMC+6+B2lS/GcKoewkA==}

  resolve-pkg-maps@1.0.0:
    resolution: {integrity: sha512-seS2Tj26TBVOC2NIc2rOe2y2ZO7efxITtLZcGSOnHHNOQ7CkiUBfw0Iw2ck6xkIhPwLhKNLS8BO+hEpngQlqzw==}

  tslib@2.6.3:
    resolution: {integrity: sha512-xNvxJEOUiWPGhUuUdQgAJPKOOJfGnIyKySOc09XkKsgdUV/3E2zvwZYdejjmRgPCgcym1juLH3226yA7sEFJKQ==}

  tsx@4.16.0:
    resolution: {integrity: sha512-MPgN+CuY+4iKxGoJNPv+1pyo5YWZAQ5XfsyobUG+zoKG7IkvCPLZDEyoIb8yLS2FcWci1nlxAqmvPlFWD5AFiQ==}
    engines: {node: '>=18.0.0'}
    hasBin: true

  turbo-darwin-64@2.0.6:
    resolution: {integrity: sha512-XpgBwWj3Ggmz/gQVqXdMKXHC1iFPMDiuwugLwSzE7Ih0O13JuNtYZKhQnopvbDQnFQCeRq2Vsm5OTWabg/oB/g==}
    cpu: [x64]
    os: [darwin]

  turbo-darwin-arm64@2.0.6:
    resolution: {integrity: sha512-RfeZYXIAkiA21E8lsvfptGTqz/256YD+eI1x37fedfvnHFWuIMFZGAOwJxtZc6QasQunDZ9TRRREbJNI68tkIw==}
    cpu: [arm64]
    os: [darwin]

  turbo-linux-64@2.0.6:
    resolution: {integrity: sha512-92UDa0xNQQbx0HdSp9ag3YSS3xPdavhc7q9q9mxIAcqyjjD6VElA4Y85m4F/DDGE5SolCrvBz2sQhVmkOd6Caw==}
    cpu: [x64]
    os: [linux]

  turbo-linux-arm64@2.0.6:
    resolution: {integrity: sha512-eQKu6utCVUkIH2kqOzD8OS6E0ba6COjWm6PRDTNCHQRljZW503ycaTUIdMOiJrVg1MkEjDyOReUg8s8D18aJ4Q==}
    cpu: [arm64]
    os: [linux]

  turbo-windows-64@2.0.6:
    resolution: {integrity: sha512-+9u4EPrpoeHYCQ46dRcou9kbkSoelhOelHNcbs2d86D6ruYD/oIAHK9qgYK8LeARRz0jxhZIA/dWYdYsxJJWkw==}
    cpu: [x64]
    os: [win32]

  turbo-windows-arm64@2.0.6:
    resolution: {integrity: sha512-rdrKL+p+EjtdDVg0wQ/7yTbzkIYrnb0Pw4IKcjsy3M0RqUM9UcEi67b94XOAyTa5a0GqJL1+tUj2ebsFGPgZbg==}
    cpu: [arm64]
    os: [win32]

  turbo@2.0.6:
    resolution: {integrity: sha512-/Ftmxd5Mq//a9yMonvmwENNUN65jOVTwhhBPQjEtNZutYT9YKyzydFGLyVM1nzhpLWahQSMamRc/RDBv5EapzA==}
    hasBin: true

  typescript@5.5.3:
    resolution: {integrity: sha512-/hreyEujaB0w76zKo6717l3L0o/qEUtRgdvUBvlkhoWeOVMjMuHNHk0BRBzikzuGDqNmPQbg5ifMEqsHLiIUcQ==}
    engines: {node: '>=14.17'}
    hasBin: true

  undici-types@5.26.5:
    resolution: {integrity: sha512-JlCMO+ehdEIKqlFxk6IfVoAUVmgz7cU7zD/h9XZ0qzeosSHmUJVOzSQvvYSYWXkFXC+IfLKSIffhv0sVZup6pA==}

snapshots:

  '@biomejs/biome@1.8.3':
    optionalDependencies:
      '@biomejs/cli-darwin-arm64': 1.8.3
      '@biomejs/cli-darwin-x64': 1.8.3
      '@biomejs/cli-linux-arm64': 1.8.3
      '@biomejs/cli-linux-arm64-musl': 1.8.3
      '@biomejs/cli-linux-x64': 1.8.3
      '@biomejs/cli-linux-x64-musl': 1.8.3
      '@biomejs/cli-win32-arm64': 1.8.3
      '@biomejs/cli-win32-x64': 1.8.3

  '@biomejs/cli-darwin-arm64@1.8.3':
    optional: true

  '@biomejs/cli-darwin-x64@1.8.3':
    optional: true

  '@biomejs/cli-linux-arm64-musl@1.8.3':
    optional: true

  '@biomejs/cli-linux-arm64@1.8.3':
    optional: true

  '@biomejs/cli-linux-x64-musl@1.8.3':
    optional: true

  '@biomejs/cli-linux-x64@1.8.3':
    optional: true

  '@biomejs/cli-win32-arm64@1.8.3':
    optional: true

  '@biomejs/cli-win32-x64@1.8.3':
    optional: true

  '@emnapi/core@0.45.0':
    dependencies:
      tslib: 2.6.3
    optional: true

  '@emnapi/runtime@0.45.0':
    dependencies:
      tslib: 2.6.3
    optional: true

  '@esbuild/aix-ppc64@0.21.5':
    optional: true

  '@esbuild/android-arm64@0.21.5':
    optional: true

  '@esbuild/android-arm@0.21.5':
    optional: true

  '@esbuild/android-x64@0.21.5':
    optional: true

  '@esbuild/darwin-arm64@0.21.5':
    optional: true

  '@esbuild/darwin-x64@0.21.5':
    optional: true

  '@esbuild/freebsd-arm64@0.21.5':
    optional: true

  '@esbuild/freebsd-x64@0.21.5':
    optional: true

  '@esbuild/linux-arm64@0.21.5':
    optional: true

  '@esbuild/linux-arm@0.21.5':
    optional: true

  '@esbuild/linux-ia32@0.21.5':
    optional: true

  '@esbuild/linux-loong64@0.21.5':
    optional: true

  '@esbuild/linux-mips64el@0.21.5':
    optional: true

  '@esbuild/linux-ppc64@0.21.5':
    optional: true

  '@esbuild/linux-riscv64@0.21.5':
    optional: true

  '@esbuild/linux-s390x@0.21.5':
    optional: true

  '@esbuild/linux-x64@0.21.5':
    optional: true

  '@esbuild/netbsd-x64@0.21.5':
    optional: true

  '@esbuild/openbsd-x64@0.21.5':
    optional: true

  '@esbuild/sunos-x64@0.21.5':
    optional: true

  '@esbuild/win32-arm64@0.21.5':
    optional: true

  '@esbuild/win32-ia32@0.21.5':
    optional: true

  '@esbuild/win32-x64@0.21.5':
    optional: true

  '@hono/node-server@1.12.0': {}

  '@node-rs/argon2-android-arm-eabi@1.7.0':
    optional: true

  '@node-rs/argon2-android-arm64@1.7.0':
    optional: true

  '@node-rs/argon2-darwin-arm64@1.7.0':
    optional: true

  '@node-rs/argon2-darwin-x64@1.7.0':
    optional: true

  '@node-rs/argon2-freebsd-x64@1.7.0':
    optional: true

  '@node-rs/argon2-linux-arm-gnueabihf@1.7.0':
    optional: true

  '@node-rs/argon2-linux-arm64-gnu@1.7.0':
    optional: true

  '@node-rs/argon2-linux-arm64-musl@1.7.0':
    optional: true

  '@node-rs/argon2-linux-x64-gnu@1.7.0':
    optional: true

  '@node-rs/argon2-linux-x64-musl@1.7.0':
    optional: true

  '@node-rs/argon2-wasm32-wasi@1.7.0':
    dependencies:
      '@emnapi/core': 0.45.0
      '@emnapi/runtime': 0.45.0
      '@tybys/wasm-util': 0.8.3
      memfs-browser: 3.5.10302
    optional: true

  '@node-rs/argon2-win32-arm64-msvc@1.7.0':
    optional: true

  '@node-rs/argon2-win32-ia32-msvc@1.7.0':
    optional: true

  '@node-rs/argon2-win32-x64-msvc@1.7.0':
    optional: true

  '@node-rs/argon2@1.7.0':
    optionalDependencies:
      '@node-rs/argon2-android-arm-eabi': 1.7.0
      '@node-rs/argon2-android-arm64': 1.7.0
      '@node-rs/argon2-darwin-arm64': 1.7.0
      '@node-rs/argon2-darwin-x64': 1.7.0
      '@node-rs/argon2-freebsd-x64': 1.7.0
      '@node-rs/argon2-linux-arm-gnueabihf': 1.7.0
      '@node-rs/argon2-linux-arm64-gnu': 1.7.0
      '@node-rs/argon2-linux-arm64-musl': 1.7.0
      '@node-rs/argon2-linux-x64-gnu': 1.7.0
      '@node-rs/argon2-linux-x64-musl': 1.7.0
      '@node-rs/argon2-wasm32-wasi': 1.7.0
      '@node-rs/argon2-win32-arm64-msvc': 1.7.0
      '@node-rs/argon2-win32-ia32-msvc': 1.7.0
      '@node-rs/argon2-win32-x64-msvc': 1.7.0

  '@node-rs/bcrypt-android-arm-eabi@1.9.0':
    optional: true

  '@node-rs/bcrypt-android-arm64@1.9.0':
    optional: true

  '@node-rs/bcrypt-darwin-arm64@1.9.0':
    optional: true

  '@node-rs/bcrypt-darwin-x64@1.9.0':
    optional: true

  '@node-rs/bcrypt-freebsd-x64@1.9.0':
    optional: true

  '@node-rs/bcrypt-linux-arm-gnueabihf@1.9.0':
    optional: true

  '@node-rs/bcrypt-linux-arm64-gnu@1.9.0':
    optional: true

  '@node-rs/bcrypt-linux-arm64-musl@1.9.0':
    optional: true

  '@node-rs/bcrypt-linux-x64-gnu@1.9.0':
    optional: true

  '@node-rs/bcrypt-linux-x64-musl@1.9.0':
    optional: true

  '@node-rs/bcrypt-wasm32-wasi@1.9.0':
    dependencies:
      '@emnapi/core': 0.45.0
      '@emnapi/runtime': 0.45.0
      '@tybys/wasm-util': 0.8.3
      memfs-browser: 3.5.10302
    optional: true

  '@node-rs/bcrypt-win32-arm64-msvc@1.9.0':
    optional: true

  '@node-rs/bcrypt-win32-ia32-msvc@1.9.0':
    optional: true

  '@node-rs/bcrypt-win32-x64-msvc@1.9.0':
    optional: true

  '@node-rs/bcrypt@1.9.0':
    optionalDependencies:
      '@node-rs/bcrypt-android-arm-eabi': 1.9.0
      '@node-rs/bcrypt-android-arm64': 1.9.0
      '@node-rs/bcrypt-darwin-arm64': 1.9.0
      '@node-rs/bcrypt-darwin-x64': 1.9.0
      '@node-rs/bcrypt-freebsd-x64': 1.9.0
      '@node-rs/bcrypt-linux-arm-gnueabihf': 1.9.0
      '@node-rs/bcrypt-linux-arm64-gnu': 1.9.0
      '@node-rs/bcrypt-linux-arm64-musl': 1.9.0
      '@node-rs/bcrypt-linux-x64-gnu': 1.9.0
      '@node-rs/bcrypt-linux-x64-musl': 1.9.0
      '@node-rs/bcrypt-wasm32-wasi': 1.9.0
      '@node-rs/bcrypt-win32-arm64-msvc': 1.9.0
      '@node-rs/bcrypt-win32-ia32-msvc': 1.9.0
      '@node-rs/bcrypt-win32-x64-msvc': 1.9.0

  '@tybys/wasm-util@0.8.3':
    dependencies:
      tslib: 2.6.3
    optional: true

  '@types/node@20.14.9':
    dependencies:
      undici-types: 5.26.5

  czg@1.9.3: {}

  dotenv@16.4.5: {}

  esbuild@0.21.5:
    optionalDependencies:
      '@esbuild/aix-ppc64': 0.21.5
      '@esbuild/android-arm': 0.21.5
      '@esbuild/android-arm64': 0.21.5
      '@esbuild/android-x64': 0.21.5
      '@esbuild/darwin-arm64': 0.21.5
      '@esbuild/darwin-x64': 0.21.5
      '@esbuild/freebsd-arm64': 0.21.5
      '@esbuild/freebsd-x64': 0.21.5
      '@esbuild/linux-arm': 0.21.5
      '@esbuild/linux-arm64': 0.21.5
      '@esbuild/linux-ia32': 0.21.5
      '@esbuild/linux-loong64': 0.21.5
      '@esbuild/linux-mips64el': 0.21.5
      '@esbuild/linux-ppc64': 0.21.5
      '@esbuild/linux-riscv64': 0.21.5
      '@esbuild/linux-s390x': 0.21.5
      '@esbuild/linux-x64': 0.21.5
      '@esbuild/netbsd-x64': 0.21.5
      '@esbuild/openbsd-x64': 0.21.5
      '@esbuild/sunos-x64': 0.21.5
      '@esbuild/win32-arm64': 0.21.5
      '@esbuild/win32-ia32': 0.21.5
      '@esbuild/win32-x64': 0.21.5

  fs-monkey@1.0.6:
    optional: true

  fsevents@2.3.3:
    optional: true

  get-tsconfig@4.7.5:
    dependencies:
      resolve-pkg-maps: 1.0.0

  hono@4.4.11: {}

  lefthook-darwin-arm64@1.6.18:
    optional: true

  lefthook-darwin-x64@1.6.18:
    optional: true

  lefthook-freebsd-arm64@1.6.18:
    optional: true

  lefthook-freebsd-x64@1.6.18:
    optional: true

  lefthook-linux-arm64@1.6.18:
    optional: true

  lefthook-linux-x64@1.6.18:
    optional: true

  lefthook-windows-arm64@1.6.18:
    optional: true

  lefthook-windows-x64@1.6.18:
    optional: true

  lefthook@1.6.18:
    optionalDependencies:
      lefthook-darwin-arm64: 1.6.18
      lefthook-darwin-x64: 1.6.18
      lefthook-freebsd-arm64: 1.6.18
      lefthook-freebsd-x64: 1.6.18
      lefthook-linux-arm64: 1.6.18
      lefthook-linux-x64: 1.6.18
      lefthook-windows-arm64: 1.6.18
      lefthook-windows-x64: 1.6.18

  memfs-browser@3.5.10302:
    dependencies:
      memfs: 3.5.3
    optional: true

  memfs@3.5.3:
    dependencies:
      fs-monkey: 1.0.6
    optional: true

  oslo@1.2.1:
    dependencies:
      '@node-rs/argon2': 1.7.0
      '@node-rs/bcrypt': 1.9.0

  resolve-pkg-maps@1.0.0: {}

  tslib@2.6.3:
    optional: true

  tsx@4.16.0:
    dependencies:
      esbuild: 0.21.5
      get-tsconfig: 4.7.5
    optionalDependencies:
      fsevents: 2.3.3

  turbo-darwin-64@2.0.6:
    optional: true

  turbo-darwin-arm64@2.0.6:
    optional: true

  turbo-linux-64@2.0.6:
    optional: true

  turbo-linux-arm64@2.0.6:
    optional: true

  turbo-windows-64@2.0.6:
    optional: true

  turbo-windows-arm64@2.0.6:
    optional: true

  turbo@2.0.6:
    optionalDependencies:
      turbo-darwin-64: 2.0.6
      turbo-darwin-arm64: 2.0.6
      turbo-linux-64: 2.0.6
      turbo-linux-arm64: 2.0.6
      turbo-windows-64: 2.0.6
      turbo-windows-arm64: 2.0.6

  typescript@5.5.3: {}

  undici-types@5.26.5: {}
